
Microsoft Visual Studio Solution File, Format Version 12.00
# Visual Studio 2013
VisualStudioVersion = 12.0.21005.1
MinimumVisualStudioVersion = 10.0.40219.1
Project("{FAE04EC0-301F-11D3-BF4B-00C04F79EFBC}") = "Model", "Program\Model.csproj", "{9433356B-DD7F-42C2-BA9A-616C3DC68C12}"
EndProject
Project("{FAE04EC0-301F-11D3-BF4B-00C04F79EFBC}") = "UnitTestProject1", "UnitTestProject1\UnitTestProject1.csproj", "{B2DF4719-8519-4950-9925-BE7DE6B27865}"
EndProject
Project("{FAE04EC0-301F-11D3-BF4B-00C04F79EFBC}") = "TestWeb2", "TestWeb2\TestWeb2.csproj", "{BEC18081-605C-4BE6-9343-EB742451F42B}"
EndProject
Project("{FAE04EC0-301F-11D3-BF4B-00C04F79EFBC}") = "TestWeb2.Tests", "TestWeb2.Tests\TestWeb2.Tests.csproj", "{FA4789B2-4ABA-401C-898E-174B65A34168}"
EndProject
Global
	GlobalSection(SolutionConfigurationPlatforms) = preSolution
		Debug|Any CPU = Debug|Any CPU
		Release|Any CPU = Release|Any CPU
	EndGlobalSection
	GlobalSection(ProjectConfigurationPlatforms) = postSolution
		{9433356B-DD7F-42C2-BA9A-616C3DC68C12}.Debug|Any CPU.ActiveCfg = Debug|Any CPU
		{9433356B-DD7F-42C2-BA9A-616C3DC68C12}.Debug|Any CPU.Build.0 = Debug|Any CPU
		{9433356B-DD7F-42C2-BA9A-616C3DC68C12}.Release|Any CPU.ActiveCfg = Release|Any CPU
		{9433356B-DD7F-42C2-BA9A-616C3DC68C12}.Release|Any CPU.Build.0 = Release|Any CPU
		{B2DF4719-8519-4950-9925-BE7DE6B27865}.Debug|Any CPU.ActiveCfg = Debug|Any CPU
		{B2DF4719-8519-4950-9925-BE7DE6B27865}.Debug|Any CPU.Build.0 = Debug|Any CPU
		{B2DF4719-8519-4950-9925-BE7DE6B27865}.Release|Any CPU.ActiveCfg = Release|Any CPU
		{B2DF4719-8519-4950-9925-BE7DE6B27865}.Release|Any CPU.Build.0 = Release|Any CPU
		{BEC18081-605C-4BE6-9343-EB742451F42B}.Debug|Any CPU.ActiveCfg = Debug|Any CPU
		{BEC18081-605C-4BE6-9343-EB742451F42B}.Debug|Any CPU.Build.0 = Debug|Any CPU
		{BEC18081-605C-4BE6-9343-EB742451F42B}.Release|Any CPU.ActiveCfg = Release|Any CPU
		{BEC18081-605C-4BE6-9343-EB742451F42B}.Release|Any CPU.Build.0 = Release|Any CPU
		{FA4789B2-4ABA-401C-898E-174B65A34168}.Debug|Any CPU.ActiveCfg = Debug|Any CPU
		{FA4789B2-4ABA-401C-898E-174B65A34168}.Debug|Any CPU.Build.0 = Debug|Any CPU
		{FA4789B2-4ABA-401C-898E-174B65A34168}.Release|Any CPU.ActiveCfg = Release|Any CPU
		{FA4789B2-4ABA-401C-898E-174B65A34168}.Release|Any CPU.Build.0 = Release|Any CPU
	EndGlobalSection
	GlobalSection(SolutionProperties) = preSolution
		HideSolutionNode = FALSE
	EndGlobalSection
EndGlobal
